// !$*UTF8*$!
{
	archiveVersion = 1;
	classes = {
	};
	objectVersion = 46;
	objects = {

/* Begin PBXBuildFile section */
		E106E6391DC7A39F0005D0CA /* AppDelegate.swift in Sources */ = {isa = PBXBuildFile; fileRef = E106E6381DC7A39F0005D0CA /* AppDelegate.swift */; };
		E106E63F1DC7A39F0005D0CA /* GameScene.swift in Sources */ = {isa = PBXBuildFile; fileRef = E106E63E1DC7A39F0005D0CA /* GameScene.swift */; };
		E106E6411DC7A39F0005D0CA /* GameViewController.swift in Sources */ = {isa = PBXBuildFile; fileRef = E106E6401DC7A39F0005D0CA /* GameViewController.swift */; };
		E106E6441DC7A39F0005D0CA /* Main.storyboard in Resources */ = {isa = PBXBuildFile; fileRef = E106E6421DC7A39F0005D0CA /* Main.storyboard */; };
		E106E6461DC7A39F0005D0CA /* Assets.xcassets in Resources */ = {isa = PBXBuildFile; fileRef = E106E6451DC7A39F0005D0CA /* Assets.xcassets */; };
		E106E6491DC7A39F0005D0CA /* LaunchScreen.storyboard in Resources */ = {isa = PBXBuildFile; fileRef = E106E6471DC7A39F0005D0CA /* LaunchScreen.storyboard */; };
		E106E6541DC7A39F0005D0CA /* Windup_WarsTests.swift in Sources */ = {isa = PBXBuildFile; fileRef = E106E6531DC7A39F0005D0CA /* Windup_WarsTests.swift */; };
		E106E65F1DC7B8840005D0CA /* Windup.swift in Sources */ = {isa = PBXBuildFile; fileRef = E106E65E1DC7B8840005D0CA /* Windup.swift */; };
		E106E6611DC7BBAF0005D0CA /* Array2D.swift in Sources */ = {isa = PBXBuildFile; fileRef = E106E6601DC7BBAF0005D0CA /* Array2D.swift */; };
		E106E6631DC7BCDD0005D0CA /* Level.swift in Sources */ = {isa = PBXBuildFile; fileRef = E106E6621DC7BCDD0005D0CA /* Level.swift */; };
		E106E6671DC7CABF0005D0CA /* Tile.swift in Sources */ = {isa = PBXBuildFile; fileRef = E106E6661DC7CABF0005D0CA /* Tile.swift */; };
		E106E6691DC7CB210005D0CA /* Extensions.swift in Sources */ = {isa = PBXBuildFile; fileRef = E106E6681DC7CB210005D0CA /* Extensions.swift */; };
		E106E6721DC7CEDC0005D0CA /* Level_0.json in Resources */ = {isa = PBXBuildFile; fileRef = E106E66D1DC7CEDC0005D0CA /* Level_0.json */; };
		E106E6731DC7CEDC0005D0CA /* Level_1.json in Resources */ = {isa = PBXBuildFile; fileRef = E106E66E1DC7CEDC0005D0CA /* Level_1.json */; };
		E106E6741DC7CEDC0005D0CA /* Level_2.json in Resources */ = {isa = PBXBuildFile; fileRef = E106E66F1DC7CEDC0005D0CA /* Level_2.json */; };
		E106E6751DC7CEDC0005D0CA /* Level_3.json in Resources */ = {isa = PBXBuildFile; fileRef = E106E6701DC7CEDC0005D0CA /* Level_3.json */; };
		E106E6761DC7CEDC0005D0CA /* Level_4.json in Resources */ = {isa = PBXBuildFile; fileRef = E106E6711DC7CEDC0005D0CA /* Level_4.json */; };
		E106E6791DC7E5880005D0CA /* Swap.swift in Sources */ = {isa = PBXBuildFile; fileRef = E106E6781DC7E5880005D0CA /* Swap.swift */; };
		E106E6801DC7F5D10005D0CA /* Chomp.wav in Resources */ = {isa = PBXBuildFile; fileRef = E106E67A1DC7F5D10005D0CA /* Chomp.wav */; };
		E106E6811DC7F5D10005D0CA /* Drip.wav in Resources */ = {isa = PBXBuildFile; fileRef = E106E67B1DC7F5D10005D0CA /* Drip.wav */; };
		E106E6821DC7F5D10005D0CA /* Error.wav in Resources */ = {isa = PBXBuildFile; fileRef = E106E67C1DC7F5D10005D0CA /* Error.wav */; };
		E106E6831DC7F5D10005D0CA /* Ka-Ching.wav in Resources */ = {isa = PBXBuildFile; fileRef = E106E67D1DC7F5D10005D0CA /* Ka-Ching.wav */; };
		E106E6841DC7F5D10005D0CA /* Mining by Moonlight.mp3 in Resources */ = {isa = PBXBuildFile; fileRef = E106E67E1DC7F5D10005D0CA /* Mining by Moonlight.mp3 */; };
		E106E6851DC7F5D10005D0CA /* Scrape.wav in Resources */ = {isa = PBXBuildFile; fileRef = E106E67F1DC7F5D10005D0CA /* Scrape.wav */; };
		E106E6871DC7F7440005D0CA /* Chain.swift in Sources */ = {isa = PBXBuildFile; fileRef = E106E6861DC7F7440005D0CA /* Chain.swift */; };
/* End PBXBuildFile section */

/* Begin PBXContainerItemProxy section */
		E106E6501DC7A39F0005D0CA /* PBXContainerItemProxy */ = {
			isa = PBXContainerItemProxy;
			containerPortal = E106E62D1DC7A39E0005D0CA /* Project object */;
			proxyType = 1;
			remoteGlobalIDString = E106E6341DC7A39E0005D0CA;
			remoteInfo = "Windup Wars";
		};
/* End PBXContainerItemProxy section */

/* Begin PBXFileReference section */
		E106E6351DC7A39F0005D0CA /* Windup Wars.app */ = {isa = PBXFileReference; explicitFileType = wrapper.application; includeInIndex = 0; path = "Windup Wars.app"; sourceTree = BUILT_PRODUCTS_DIR; };
		E106E6381DC7A39F0005D0CA /* AppDelegate.swift */ = {isa = PBXFileReference; lastKnownFileType = sourcecode.swift; path = AppDelegate.swift; sourceTree = "<group>"; };
		E106E63E1DC7A39F0005D0CA /* GameScene.swift */ = {isa = PBXFileReference; lastKnownFileType = sourcecode.swift; path = GameScene.swift; sourceTree = "<group>"; };
		E106E6401DC7A39F0005D0CA /* GameViewController.swift */ = {isa = PBXFileReference; lastKnownFileType = sourcecode.swift; path = GameViewController.swift; sourceTree = "<group>"; };
		E106E6431DC7A39F0005D0CA /* Base */ = {isa = PBXFileReference; lastKnownFileType = file.storyboard; name = Base; path = Base.lproj/Main.storyboard; sourceTree = "<group>"; };
		E106E6451DC7A39F0005D0CA /* Assets.xcassets */ = {isa = PBXFileReference; lastKnownFileType = folder.assetcatalog; path = Assets.xcassets; sourceTree = "<group>"; };
		E106E6481DC7A39F0005D0CA /* Base */ = {isa = PBXFileReference; lastKnownFileType = file.storyboard; name = Base; path = Base.lproj/LaunchScreen.storyboard; sourceTree = "<group>"; };
		E106E64A1DC7A39F0005D0CA /* Info.plist */ = {isa = PBXFileReference; lastKnownFileType = text.plist.xml; path = Info.plist; sourceTree = "<group>"; };
		E106E64F1DC7A39F0005D0CA /* Windup WarsTests.xctest */ = {isa = PBXFileReference; explicitFileType = wrapper.cfbundle; includeInIndex = 0; path = "Windup WarsTests.xctest"; sourceTree = BUILT_PRODUCTS_DIR; };
		E106E6531DC7A39F0005D0CA /* Windup_WarsTests.swift */ = {isa = PBXFileReference; lastKnownFileType = sourcecode.swift; path = Windup_WarsTests.swift; sourceTree = "<group>"; };
		E106E6551DC7A39F0005D0CA /* Info.plist */ = {isa = PBXFileReference; lastKnownFileType = text.plist.xml; path = Info.plist; sourceTree = "<group>"; };
		E106E65E1DC7B8840005D0CA /* Windup.swift */ = {isa = PBXFileReference; fileEncoding = 4; lastKnownFileType = sourcecode.swift; path = Windup.swift; sourceTree = "<group>"; };
		E106E6601DC7BBAF0005D0CA /* Array2D.swift */ = {isa = PBXFileReference; fileEncoding = 4; lastKnownFileType = sourcecode.swift; path = Array2D.swift; sourceTree = "<group>"; };
		E106E6621DC7BCDD0005D0CA /* Level.swift */ = {isa = PBXFileReference; fileEncoding = 4; lastKnownFileType = sourcecode.swift; path = Level.swift; sourceTree = "<group>"; };
		E106E6661DC7CABF0005D0CA /* Tile.swift */ = {isa = PBXFileReference; fileEncoding = 4; lastKnownFileType = sourcecode.swift; path = Tile.swift; sourceTree = "<group>"; };
		E106E6681DC7CB210005D0CA /* Extensions.swift */ = {isa = PBXFileReference; fileEncoding = 4; lastKnownFileType = sourcecode.swift; path = Extensions.swift; sourceTree = "<group>"; };
		E106E66D1DC7CEDC0005D0CA /* Level_0.json */ = {isa = PBXFileReference; fileEncoding = 4; lastKnownFileType = text.json; path = Level_0.json; sourceTree = "<group>"; };
		E106E66E1DC7CEDC0005D0CA /* Level_1.json */ = {isa = PBXFileReference; fileEncoding = 4; lastKnownFileType = text.json; path = Level_1.json; sourceTree = "<group>"; };
		E106E66F1DC7CEDC0005D0CA /* Level_2.json */ = {isa = PBXFileReference; fileEncoding = 4; lastKnownFileType = text.json; path = Level_2.json; sourceTree = "<group>"; };
		E106E6701DC7CEDC0005D0CA /* Level_3.json */ = {isa = PBXFileReference; fileEncoding = 4; lastKnownFileType = text.json; path = Level_3.json; sourceTree = "<group>"; };
		E106E6711DC7CEDC0005D0CA /* Level_4.json */ = {isa = PBXFileReference; fileEncoding = 4; lastKnownFileType = text.json; path = Level_4.json; sourceTree = "<group>"; };
		E106E6781DC7E5880005D0CA /* Swap.swift */ = {isa = PBXFileReference; fileEncoding = 4; lastKnownFileType = sourcecode.swift; path = Swap.swift; sourceTree = "<group>"; };
		E106E67A1DC7F5D10005D0CA /* Chomp.wav */ = {isa = PBXFileReference; lastKnownFileType = audio.wav; path = Chomp.wav; sourceTree = "<group>"; };
		E106E67B1DC7F5D10005D0CA /* Drip.wav */ = {isa = PBXFileReference; lastKnownFileType = audio.wav; path = Drip.wav; sourceTree = "<group>"; };
		E106E67C1DC7F5D10005D0CA /* Error.wav */ = {isa = PBXFileReference; lastKnownFileType = audio.wav; path = Error.wav; sourceTree = "<group>"; };
		E106E67D1DC7F5D10005D0CA /* Ka-Ching.wav */ = {isa = PBXFileReference; lastKnownFileType = audio.wav; path = "Ka-Ching.wav"; sourceTree = "<group>"; };
		E106E67E1DC7F5D10005D0CA /* Mining by Moonlight.mp3 */ = {isa = PBXFileReference; lastKnownFileType = audio.mp3; path = "Mining by Moonlight.mp3"; sourceTree = "<group>"; };
		E106E67F1DC7F5D10005D0CA /* Scrape.wav */ = {isa = PBXFileReference; lastKnownFileType = audio.wav; path = Scrape.wav; sourceTree = "<group>"; };
		E106E6861DC7F7440005D0CA /* Chain.swift */ = {isa = PBXFileReference; fileEncoding = 4; lastKnownFileType = sourcecode.swift; path = Chain.swift; sourceTree = "<group>"; };
/* End PBXFileReference section */

/* Begin PBXFrameworksBuildPhase section */
		E106E6321DC7A39E0005D0CA /* Frameworks */ = {
			isa = PBXFrameworksBuildPhase;
			buildActionMask = 2147483647;
			files = (
			);
			runOnlyForDeploymentPostprocessing = 0;
		};
		E106E64C1DC7A39F0005D0CA /* Frameworks */ = {
			isa = PBXFrameworksBuildPhase;
			buildActionMask = 2147483647;
			files = (
			);
			runOnlyForDeploymentPostprocessing = 0;
		};
/* End PBXFrameworksBuildPhase section */

/* Begin PBXGroup section */
		E106E62C1DC7A39E0005D0CA = {
			isa = PBXGroup;
			children = (
				E106E6371DC7A39F0005D0CA /* Windup Wars */,
				E106E6521DC7A39F0005D0CA /* Windup WarsTests */,
				E106E6361DC7A39F0005D0CA /* Products */,
			);
			sourceTree = "<group>";
		};
		E106E6361DC7A39F0005D0CA /* Products */ = {
			isa = PBXGroup;
			children = (
				E106E6351DC7A39F0005D0CA /* Windup Wars.app */,
				E106E64F1DC7A39F0005D0CA /* Windup WarsTests.xctest */,
			);
			name = Products;
			sourceTree = "<group>";
		};
		E106E6371DC7A39F0005D0CA /* Windup Wars */ = {
			isa = PBXGroup;
			children = (
				E106E6381DC7A39F0005D0CA /* AppDelegate.swift */,
				E106E6601DC7BBAF0005D0CA /* Array2D.swift */,
				E106E6451DC7A39F0005D0CA /* Assets.xcassets */,
				E106E6861DC7F7440005D0CA /* Chain.swift */,
				E106E6681DC7CB210005D0CA /* Extensions.swift */,
				E106E63E1DC7A39F0005D0CA /* GameScene.swift */,
				E106E6401DC7A39F0005D0CA /* GameViewController.swift */,
				E106E64A1DC7A39F0005D0CA /* Info.plist */,
				E106E6471DC7A39F0005D0CA /* LaunchScreen.storyboard */,
				E106E6421DC7A39F0005D0CA /* Main.storyboard */,
				E106E6621DC7BCDD0005D0CA /* Level.swift */,
				E106E6781DC7E5880005D0CA /* Swap.swift */,
				E106E6661DC7CABF0005D0CA /* Tile.swift */,
				E106E65E1DC7B8840005D0CA /* Windup.swift */,
				E106E66C1DC7CEDC0005D0CA /* Levels */,
				E106E6771DC7D31C0005D0CA /* Sounds */,
			);
			path = "Windup Wars";
			sourceTree = "<group>";
		};
		E106E6521DC7A39F0005D0CA /* Windup WarsTests */ = {
			isa = PBXGroup;
			children = (
				E106E6531DC7A39F0005D0CA /* Windup_WarsTests.swift */,
				E106E6551DC7A39F0005D0CA /* Info.plist */,
			);
			path = "Windup WarsTests";
			sourceTree = "<group>";
		};
		E106E66C1DC7CEDC0005D0CA /* Levels */ = {
			isa = PBXGroup;
			children = (
				E106E66D1DC7CEDC0005D0CA /* Level_0.json */,
				E106E66E1DC7CEDC0005D0CA /* Level_1.json */,
				E106E66F1DC7CEDC0005D0CA /* Level_2.json */,
				E106E6701DC7CEDC0005D0CA /* Level_3.json */,
				E106E6711DC7CEDC0005D0CA /* Level_4.json */,
			);
			path = Levels;
			sourceTree = "<group>";
		};
		E106E6771DC7D31C0005D0CA /* Sounds */ = {
			isa = PBXGroup;
			children = (
				E106E67A1DC7F5D10005D0CA /* Chomp.wav */,
				E106E67B1DC7F5D10005D0CA /* Drip.wav */,
				E106E67C1DC7F5D10005D0CA /* Error.wav */,
				E106E67D1DC7F5D10005D0CA /* Ka-Ching.wav */,
				E106E67E1DC7F5D10005D0CA /* Mining by Moonlight.mp3 */,
				E106E67F1DC7F5D10005D0CA /* Scrape.wav */,
			);
			name = Sounds;
			path = Levels/Sounds;
			sourceTree = "<group>";
		};
/* End PBXGroup section */

/* Begin PBXNativeTarget section */
		E106E6341DC7A39E0005D0CA /* Windup Wars */ = {
			isa = PBXNativeTarget;
			buildConfigurationList = E106E6581DC7A39F0005D0CA /* Build configuration list for PBXNativeTarget "Windup Wars" */;
			buildPhases = (
				E106E6311DC7A39E0005D0CA /* Sources */,
				E106E6321DC7A39E0005D0CA /* Frameworks */,
				E106E6331DC7A39E0005D0CA /* Resources */,
			);
			buildRules = (
			);
			dependencies = (
			);
			name = "Windup Wars";
			productName = "Windup Wars";
			productReference = E106E6351DC7A39F0005D0CA /* Windup Wars.app */;
			productType = "com.apple.product-type.application";
		};
		E106E64E1DC7A39F0005D0CA /* Windup WarsTests */ = {
			isa = PBXNativeTarget;
			buildConfigurationList = E106E65B1DC7A39F0005D0CA /* Build configuration list for PBXNativeTarget "Windup WarsTests" */;
			buildPhases = (
				E106E64B1DC7A39F0005D0CA /* Sources */,
				E106E64C1DC7A39F0005D0CA /* Frameworks */,
				E106E64D1DC7A39F0005D0CA /* Resources */,
			);
			buildRules = (
			);
			dependencies = (
				E106E6511DC7A39F0005D0CA /* PBXTargetDependency */,
			);
			name = "Windup WarsTests";
			productName = "Windup WarsTests";
			productReference = E106E64F1DC7A39F0005D0CA /* Windup WarsTests.xctest */;
			productType = "com.apple.product-type.bundle.unit-test";
		};
/* End PBXNativeTarget section */

/* Begin PBXProject section */
		E106E62D1DC7A39E0005D0CA /* Project object */ = {
			isa = PBXProject;
			attributes = {
				LastSwiftUpdateCheck = 0810;
				LastUpgradeCheck = 0810;
				ORGANIZATIONNAME = ZuniSoft;
				TargetAttributes = {
					E106E6341DC7A39E0005D0CA = {
						CreatedOnToolsVersion = 8.1;
						DevelopmentTeam = S63L4926ND;
						ProvisioningStyle = Automatic;
					};
					E106E64E1DC7A39F0005D0CA = {
						CreatedOnToolsVersion = 8.1;
						DevelopmentTeam = S63L4926ND;
						ProvisioningStyle = Automatic;
						TestTargetID = E106E6341DC7A39E0005D0CA;
					};
				};
			};
			buildConfigurationList = E106E6301DC7A39E0005D0CA /* Build configuration list for PBXProject "Windup Wars" */;
			compatibilityVersion = "Xcode 3.2";
			developmentRegion = English;
			hasScannedForEncodings = 0;
			knownRegions = (
				en,
				Base,
			);
			mainGroup = E106E62C1DC7A39E0005D0CA;
			productRefGroup = E106E6361DC7A39F0005D0CA /* Products */;
			projectDirPath = "";
			projectRoot = "";
			targets = (
				E106E6341DC7A39E0005D0CA /* Windup Wars */,
				E106E64E1DC7A39F0005D0CA /* Windup WarsTests */,
			);
		};
/* End PBXProject section */

/* Begin PBXResourcesBuildPhase section */
		E106E6331DC7A39E0005D0CA /* Resources */ = {
			isa = PBXResourcesBuildPhase;
			buildActionMask = 2147483647;
			files = (
				E106E6441DC7A39F0005D0CA /* Main.storyboard in Resources */,
				E106E6811DC7F5D10005D0CA /* Drip.wav in Resources */,
				E106E6831DC7F5D10005D0CA /* Ka-Ching.wav in Resources */,
				E106E6741DC7CEDC0005D0CA /* Level_2.json in Resources */,
				E106E6751DC7CEDC0005D0CA /* Level_3.json in Resources */,
				E106E6841DC7F5D10005D0CA /* Mining by Moonlight.mp3 in Resources */,
				E106E6851DC7F5D10005D0CA /* Scrape.wav in Resources */,
				E106E6821DC7F5D10005D0CA /* Error.wav in Resources */,
				E106E6731DC7CEDC0005D0CA /* Level_1.json in Resources */,
				E106E6461DC7A39F0005D0CA /* Assets.xcassets in Resources */,
				E106E6491DC7A39F0005D0CA /* LaunchScreen.storyboard in Resources */,
				E106E6721DC7CEDC0005D0CA /* Level_0.json in Resources */,
				E106E6801DC7F5D10005D0CA /* Chomp.wav in Resources */,
				E106E6761DC7CEDC0005D0CA /* Level_4.json in Resources */,
			);
			runOnlyForDeploymentPostprocessing = 0;
		};
		E106E64D1DC7A39F0005D0CA /* Resources */ = {
			isa = PBXResourcesBuildPhase;
			buildActionMask = 2147483647;
			files = (
			);
			runOnlyForDeploymentPostprocessing = 0;
		};
/* End PBXResourcesBuildPhase section */

/* Begin PBXSourcesBuildPhase section */
		E106E6311DC7A39E0005D0CA /* Sources */ = {
			isa = PBXSourcesBuildPhase;
			buildActionMask = 2147483647;
			files = (
				E106E6631DC7BCDD0005D0CA /* Level.swift in Sources */,
				E106E63F1DC7A39F0005D0CA /* GameScene.swift in Sources */,
				E106E6411DC7A39F0005D0CA /* GameViewController.swift in Sources */,
				E106E6691DC7CB210005D0CA /* Extensions.swift in Sources */,
				E106E6671DC7CABF0005D0CA /* Tile.swift in Sources */,
				E106E6871DC7F7440005D0CA /* Chain.swift in Sources */,
				E106E65F1DC7B8840005D0CA /* Windup.swift in Sources */,
				E106E6391DC7A39F0005D0CA /* AppDelegate.swift in Sources */,
				E106E6611DC7BBAF0005D0CA /* Array2D.swift in Sources */,
				E106E6791DC7E5880005D0CA /* Swap.swift in Sources */,
			);
			runOnlyForDeploymentPostprocessing = 0;
		};
		E106E64B1DC7A39F0005D0CA /* Sources */ = {
			isa = PBXSourcesBuildPhase;
			buildActionMask = 2147483647;
			files = (
				E106E6541DC7A39F0005D0CA /* Windup_WarsTests.swift in Sources */,
			);
			runOnlyForDeploymentPostprocessing = 0;
		};
/* End PBXSourcesBuildPhase section */

/* Begin PBXTargetDependency section */
		E106E6511DC7A39F0005D0CA /* PBXTargetDependency */ = {
			isa = PBXTargetDependency;
			target = E106E6341DC7A39E0005D0CA /* Windup Wars */;
			targetProxy = E106E6501DC7A39F0005D0CA /* PBXContainerItemProxy */;
		};
/* End PBXTargetDependency section */

/* Begin PBXVariantGroup section */
		E106E6421DC7A39F0005D0CA /* Main.storyboard */ = {
			isa = PBXVariantGroup;
			children = (
				E106E6431DC7A39F0005D0CA /* Base */,
			);
			name = Main.storyboard;
			sourceTree = "<group>";
		};
		E106E6471DC7A39F0005D0CA /* LaunchScreen.storyboard */ = {
			isa = PBXVariantGroup;
			children = (
				E106E6481DC7A39F0005D0CA /* Base */,
			);
			name = LaunchScreen.storyboard;
			sourceTree = "<group>";
		};
/* End PBXVariantGroup section */

/* Begin XCBuildConfiguration section */
		E106E6561DC7A39F0005D0CA /* Debug */ = {
			isa = XCBuildConfiguration;
			buildSettings = {
				ALWAYS_SEARCH_USER_PATHS = NO;
				CLANG_ANALYZER_NONNULL = YES;
				CLANG_CXX_LANGUAGE_STANDARD = "gnu++0x";
				CLANG_CXX_LIBRARY = "libc++";
				CLANG_ENABLE_MODULES = YES;
				CLANG_ENABLE_OBJC_ARC = YES;
				CLANG_WARN_BOOL_CONVERSION = YES;
				CLANG_WARN_CONSTANT_CONVERSION = YES;
				CLANG_WARN_DIRECT_OBJC_ISA_USAGE = YES_ERROR;
				CLANG_WARN_DOCUMENTATION_COMMENTS = YES;
				CLANG_WARN_EMPTY_BODY = YES;
				CLANG_WARN_ENUM_CONVERSION = YES;
				CLANG_WARN_INFINITE_RECURSION = YES;
				CLANG_WARN_INT_CONVERSION = YES;
				CLANG_WARN_OBJC_ROOT_CLASS = YES_ERROR;
				CLANG_WARN_SUSPICIOUS_MOVES = YES;
				CLANG_WARN_UNREACHABLE_CODE = YES;
				CLANG_WARN__DUPLICATE_METHOD_MATCH = YES;
				"CODE_SIGN_IDENTITY[sdk=iphoneos*]" = "iPhone Developer";
				COPY_PHASE_STRIP = NO;
				DEBUG_INFORMATION_FORMAT = dwarf;
				ENABLE_STRICT_OBJC_MSGSEND = YES;
				ENABLE_TESTABILITY = YES;
				GCC_C_LANGUAGE_STANDARD = gnu99;
				GCC_DYNAMIC_NO_PIC = NO;
				GCC_NO_COMMON_BLOCKS = YES;
				GCC_OPTIMIZATION_LEVEL = 0;
				GCC_PREPROCESSOR_DEFINITIONS = (
					"DEBUG=1",
					"$(inherited)",
				);
				GCC_WARN_64_TO_32_BIT_CONVERSION = YES;
				GCC_WARN_ABOUT_RETURN_TYPE = YES_ERROR;
				GCC_WARN_UNDECLARED_SELECTOR = YES;
				GCC_WARN_UNINITIALIZED_AUTOS = YES_AGGRESSIVE;
				GCC_WARN_UNUSED_FUNCTION = YES;
				GCC_WARN_UNUSED_VARIABLE = YES;
				IPHONEOS_DEPLOYMENT_TARGET = 10.1;
				MTL_ENABLE_DEBUG_INFO = YES;
				ONLY_ACTIVE_ARCH = YES;
				SDKROOT = iphoneos;
				SWIFT_ACTIVE_COMPILATION_CONDITIONS = DEBUG;
				SWIFT_OPTIMIZATION_LEVEL = "-Onone";
				TARGETED_DEVICE_FAMILY = 2;
			};
			name = Debug;
		};
		E106E6571DC7A39F0005D0CA /* Release */ = {
			isa = XCBuildConfiguration;
			buildSettings = {
				ALWAYS_SEARCH_USER_PATHS = NO;
				CLANG_ANALYZER_NONNULL = YES;
				CLANG_CXX_LANGUAGE_STANDARD = "gnu++0x";
				CLANG_CXX_LIBRARY = "libc++";
				CLANG_ENABLE_MODULES = YES;
				CLANG_ENABLE_OBJC_ARC = YES;
				CLANG_WARN_BOOL_CONVERSION = YES;
				CLANG_WARN_CONSTANT_CONVERSION = YES;
				CLANG_WARN_DIRECT_OBJC_ISA_USAGE = YES_ERROR;
				CLANG_WARN_DOCUMENTATION_COMMENTS = YES;
				CLANG_WARN_EMPTY_BODY = YES;
				CLANG_WARN_ENUM_CONVERSION = YES;
				CLANG_WARN_INFINITE_RECURSION = YES;
				CLANG_WARN_INT_CONVERSION = YES;
				CLANG_WARN_OBJC_ROOT_CLASS = YES_ERROR;
				CLANG_WARN_SUSPICIOUS_MOVES = YES;
				CLANG_WARN_UNREACHABLE_CODE = YES;
				CLANG_WARN__DUPLICATE_METHOD_MATCH = YES;
				"CODE_SIGN_IDENTITY[sdk=iphoneos*]" = "iPhone Developer";
				COPY_PHASE_STRIP = NO;
				DEBUG_INFORMATION_FORMAT = "dwarf-with-dsym";
				ENABLE_NS_ASSERTIONS = NO;
				ENABLE_STRICT_OBJC_MSGSEND = YES;
				GCC_C_LANGUAGE_STANDARD = gnu99;
				GCC_NO_COMMON_BLOCKS = YES;
				GCC_WARN_64_TO_32_BIT_CONVERSION = YES;
				GCC_WARN_ABOUT_RETURN_TYPE = YES_ERROR;
				GCC_WARN_UNDECLARED_SELECTOR = YES;
				GCC_WARN_UNINITIALIZED_AUTOS = YES_AGGRESSIVE;
				GCC_WARN_UNUSED_FUNCTION = YES;
				GCC_WARN_UNUSED_VARIABLE = YES;
				IPHONEOS_DEPLOYMENT_TARGET = 10.1;
				MTL_ENABLE_DEBUG_INFO = NO;
				SDKROOT = iphoneos;
				SWIFT_OPTIMIZATION_LEVEL = "-Owholemodule";
				TARGETED_DEVICE_FAMILY = 2;
				VALIDATE_PRODUCT = YES;
			};
			name = Release;
		};
		E106E6591DC7A39F0005D0CA /* Debug */ = {
			isa = XCBuildConfiguration;
			buildSettings = {
				ASSETCATALOG_COMPILER_APPICON_NAME = AppIcon;
				DEVELOPMENT_TEAM = S63L4926ND;
				INFOPLIST_FILE = "Windup Wars/Info.plist";
				IPHONEOS_DEPLOYMENT_TARGET = 10.0;
				LD_RUNPATH_SEARCH_PATHS = "$(inherited) @executable_path/Frameworks";
				PRODUCT_BUNDLE_IDENTIFIER = com.zunisoft.ios.windupwars;
				PRODUCT_NAME = "$(TARGET_NAME)";
				SWIFT_VERSION = 3.0;
				TARGETED_DEVICE_FAMILY = "1,2";
			};
			name = Debug;
		};
		E106E65A1DC7A39F0005D0CA /* Release */ = {
			isa = XCBuildConfiguration;
			buildSettings = {
				ASSETCATALOG_COMPILER_APPICON_NAME = AppIcon;
				DEVELOPMENT_TEAM = S63L4926ND;
				INFOPLIST_FILE = "Windup Wars/Info.plist";
				IPHONEOS_DEPLOYMENT_TARGET = 10.0;
				LD_RUNPATH_SEARCH_PATHS = "$(inherited) @executable_path/Frameworks";
				PRODUCT_BUNDLE_IDENTIFIER = com.zunisoft.ios.windupwars;
				PRODUCT_NAME = "$(TARGET_NAME)";
				SWIFT_VERSION = 3.0;
				TARGETED_DEVICE_FAMILY = "1,2";
			};
			name = Release;
		};
		E106E65C1DC7A39F0005D0CA /* Debug */ = {
			isa = XCBuildConfiguration;
			buildSettings = {
				ALWAYS_EMBED_SWIFT_STANDARD_LIBRARIES = YES;
				BUNDLE_LOADER = "$(TEST_HOST)";
				DEVELOPMENT_TEAM = S63L4926ND;
				INFOPLIST_FILE = "Windup WarsTests/Info.plist";
				LD_RUNPATH_SEARCH_PATHS = "$(inherited) @executable_path/Frameworks @loader_path/Frameworks";
				PRODUCT_BUNDLE_IDENTIFIER = "com.zunisoft.io.Windup-WarsTests";
				PRODUCT_NAME = "$(TARGET_NAME)";
				SWIFT_VERSION = 3.0;
				TEST_HOST = "$(BUILT_PRODUCTS_DIR)/Windup Wars.app/Windup Wars";
			};
			name = Debug;
		};
		E106E65D1DC7A39F0005D0CA /* Release */ = {
			isa = XCBuildConfiguration;
			buildSettings = {
				ALWAYS_EMBED_SWIFT_STANDARD_LIBRARIES = YES;
				BUNDLE_LOADER = "$(TEST_HOST)";
				DEVELOPMENT_TEAM = S63L4926ND;
				INFOPLIST_FILE = "Windup WarsTests/Info.plist";
				LD_RUNPATH_SEARCH_PATHS = "$(inherited) @executable_path/Frameworks @loader_path/Frameworks";
				PRODUCT_BUNDLE_IDENTIFIER = "com.zunisoft.io.Windup-WarsTests";
				PRODUCT_NAME = "$(TARGET_NAME)";
				SWIFT_VERSION = 3.0;
				TEST_HOST = "$(BUILT_PRODUCTS_DIR)/Windup Wars.app/Windup Wars";
			};
			name = Release;
		};
/* End XCBuildConfiguration section */

/* Begin XCConfigurationList section */
		E106E6301DC7A39E0005D0CA /* Build configuration list for PBXProject "Windup Wars" */ = {
			isa = XCConfigurationList;
			buildConfigurations = (
				E106E6561DC7A39F0005D0CA /* Debug */,
				E106E6571DC7A39F0005D0CA /* Release */,
			);
			defaultConfigurationIsVisible = 0;
			defaultConfigurationName = Release;
		};
		E106E6581DC7A39F0005D0CA /* Build configuration list for PBXNativeTarget "Windup Wars" */ = {
			isa = XCConfigurationList;
			buildConfigurations = (
				E106E6591DC7A39F0005D0CA /* Debug */,
				E106E65A1DC7A39F0005D0CA /* Release */,
			);
			defaultConfigurationIsVisible = 0;
			defaultConfigurationName = Release;
		};
		E106E65B1DC7A39F0005D0CA /* Build configuration list for PBXNativeTarget "Windup WarsTests" */ = {
			isa = XCConfigurationList;
			buildConfigurations = (
				E106E65C1DC7A39F0005D0CA /* Debug */,
				E106E65D1DC7A39F0005D0CA /* Release */,
			);
			defaultConfigurationIsVisible = 0;
			defaultConfigurationName = Release;
		};
/* End XCConfigurationList section */
	};
	rootObject = E106E62D1DC7A39E0005D0CA /* Project object */;
}
